
Microsoft Visual Studio Solution File, Format Version 12.00
# Visual Studio 15
VisualStudioVersion = 15.0.28010.2048
MinimumVisualStudioVersion = 10.0.40219.1
Project("{FAE04EC0-301F-11D3-BF4B-00C04F79EFBC}") = "BasketballApp", "TrueShoutPractice\BasketballApp.csproj", "{E0568244-6EAF-4690-9CB7-02D48984FAA7}"
EndProject
Project("{00D1A9C2-B5F0-4AF3-8072-F6C62B433612}") = "Database", "Database\Database.sqlproj", "{D5D654B9-8536-4810-BE18-A987094EEFE4}"
EndProject
Global
	GlobalSection(SolutionConfigurationPlatforms) = preSolution
		Debug|Any CPU = Debug|Any CPU
		Release|Any CPU = Release|Any CPU
	EndGlobalSection
	GlobalSection(ProjectConfigurationPlatforms) = postSolution
		{E0568244-6EAF-4690-9CB7-02D48984FAA7}.Debug|Any CPU.ActiveCfg = Debug|Any CPU
		{E0568244-6EAF-4690-9CB7-02D48984FAA7}.Debug|Any CPU.Build.0 = Debug|Any CPU
		{E0568244-6EAF-4690-9CB7-02D48984FAA7}.Release|Any CPU.ActiveCfg = Release|Any CPU
		{E0568244-6EAF-4690-9CB7-02D48984FAA7}.Release|Any CPU.Build.0 = Release|Any CPU
		{D5D654B9-8536-4810-BE18-A987094EEFE4}.Debug|Any CPU.ActiveCfg = Debug|Any CPU
		{D5D654B9-8536-4810-BE18-A987094EEFE4}.Debug|Any CPU.Build.0 = Debug|Any CPU
		{D5D654B9-8536-4810-BE18-A987094EEFE4}.Debug|Any CPU.Deploy.0 = Debug|Any CPU
		{D5D654B9-8536-4810-BE18-A987094EEFE4}.Release|Any CPU.ActiveCfg = Release|Any CPU
		{D5D654B9-8536-4810-BE18-A987094EEFE4}.Release|Any CPU.Build.0 = Release|Any CPU
		{D5D654B9-8536-4810-BE18-A987094EEFE4}.Release|Any CPU.Deploy.0 = Release|Any CPU
	EndGlobalSection
	GlobalSection(SolutionProperties) = preSolution
		HideSolutionNode = FALSE
	EndGlobalSection
	GlobalSection(ExtensibilityGlobals) = postSolution
		SolutionGuid = {BBCA3FAD-2476-4EB0-BBEF-11ED7CDB7B39}
	EndGlobalSection
EndGlobal
